
Microsoft Visual Studio Solution File, Format Version 12.00
# Visual Studio Version 17
VisualStudioVersion = 17.9.34616.47
MinimumVisualStudioVersion = 10.0.40219.1
Project("{FAE04EC0-301F-11D3-BF4B-00C04F79EFBC}") = "PizzaApp", "PizzaApp\PizzaApp.csproj", "{EE5A0453-4169-42CB-94F6-5A984D8CC159}"
EndProject
Project("{FAE04EC0-301F-11D3-BF4B-00C04F79EFBC}") = "Domain Models", "Domain Models\Domain Models.csproj", "{100F6032-6FC5-45E4-BD0D-B75F90D26926}"
EndProject
Project("{FAE04EC0-301F-11D3-BF4B-00C04F79EFBC}") = "Data Access", "Data Access\Data Access.csproj", "{3502CB65-DACA-4971-B1E4-FE8567559967}"
EndProject
Project("{FAE04EC0-301F-11D3-BF4B-00C04F79EFBC}") = "Services", "Services\Services.csproj", "{546409DD-F3B0-406E-87D7-3283A81333E4}"
EndProject
Project("{FAE04EC0-301F-11D3-BF4B-00C04F79EFBC}") = "Shared", "Shared\Shared.csproj", "{EE997016-BF18-4F35-8D6F-6BCE757BD09B}"
EndProject
Project("{FAE04EC0-301F-11D3-BF4B-00C04F79EFBC}") = "DTOs", "DTOs\DTOs.csproj", "{E777E9F1-C554-485D-8B5D-8F990C1BCD19}"
EndProject
Project("{FAE04EC0-301F-11D3-BF4B-00C04F79EFBC}") = "Helpers", "Helpers\Helpers.csproj", "{D3B86843-6C4A-482C-A871-5F2501B1E04F}"
EndProject
Project("{FAE04EC0-301F-11D3-BF4B-00C04F79EFBC}") = "Mappers", "Mappers\Mappers.csproj", "{B624F165-FE22-426E-8152-EA5794670691}"
EndProject
Global
	GlobalSection(SolutionConfigurationPlatforms) = preSolution
		Debug|Any CPU = Debug|Any CPU
		Release|Any CPU = Release|Any CPU
	EndGlobalSection
	GlobalSection(ProjectConfigurationPlatforms) = postSolution
		{EE5A0453-4169-42CB-94F6-5A984D8CC159}.Debug|Any CPU.ActiveCfg = Debug|Any CPU
		{EE5A0453-4169-42CB-94F6-5A984D8CC159}.Debug|Any CPU.Build.0 = Debug|Any CPU
		{EE5A0453-4169-42CB-94F6-5A984D8CC159}.Release|Any CPU.ActiveCfg = Release|Any CPU
		{EE5A0453-4169-42CB-94F6-5A984D8CC159}.Release|Any CPU.Build.0 = Release|Any CPU
		{100F6032-6FC5-45E4-BD0D-B75F90D26926}.Debug|Any CPU.ActiveCfg = Debug|Any CPU
		{100F6032-6FC5-45E4-BD0D-B75F90D26926}.Debug|Any CPU.Build.0 = Debug|Any CPU
		{100F6032-6FC5-45E4-BD0D-B75F90D26926}.Release|Any CPU.ActiveCfg = Release|Any CPU
		{100F6032-6FC5-45E4-BD0D-B75F90D26926}.Release|Any CPU.Build.0 = Release|Any CPU
		{3502CB65-DACA-4971-B1E4-FE8567559967}.Debug|Any CPU.ActiveCfg = Debug|Any CPU
		{3502CB65-DACA-4971-B1E4-FE8567559967}.Debug|Any CPU.Build.0 = Debug|Any CPU
		{3502CB65-DACA-4971-B1E4-FE8567559967}.Release|Any CPU.ActiveCfg = Release|Any CPU
		{3502CB65-DACA-4971-B1E4-FE8567559967}.Release|Any CPU.Build.0 = Release|Any CPU
		{546409DD-F3B0-406E-87D7-3283A81333E4}.Debug|Any CPU.ActiveCfg = Debug|Any CPU
		{546409DD-F3B0-406E-87D7-3283A81333E4}.Debug|Any CPU.Build.0 = Debug|Any CPU
		{546409DD-F3B0-406E-87D7-3283A81333E4}.Release|Any CPU.ActiveCfg = Release|Any CPU
		{546409DD-F3B0-406E-87D7-3283A81333E4}.Release|Any CPU.Build.0 = Release|Any CPU
		{EE997016-BF18-4F35-8D6F-6BCE757BD09B}.Debug|Any CPU.ActiveCfg = Debug|Any CPU
		{EE997016-BF18-4F35-8D6F-6BCE757BD09B}.Debug|Any CPU.Build.0 = Debug|Any CPU
		{EE997016-BF18-4F35-8D6F-6BCE757BD09B}.Release|Any CPU.ActiveCfg = Release|Any CPU
		{EE997016-BF18-4F35-8D6F-6BCE757BD09B}.Release|Any CPU.Build.0 = Release|Any CPU
		{E777E9F1-C554-485D-8B5D-8F990C1BCD19}.Debug|Any CPU.ActiveCfg = Debug|Any CPU
		{E777E9F1-C554-485D-8B5D-8F990C1BCD19}.Debug|Any CPU.Build.0 = Debug|Any CPU
		{E777E9F1-C554-485D-8B5D-8F990C1BCD19}.Release|Any CPU.ActiveCfg = Release|Any CPU
		{E777E9F1-C554-485D-8B5D-8F990C1BCD19}.Release|Any CPU.Build.0 = Release|Any CPU
		{D3B86843-6C4A-482C-A871-5F2501B1E04F}.Debug|Any CPU.ActiveCfg = Debug|Any CPU
		{D3B86843-6C4A-482C-A871-5F2501B1E04F}.Debug|Any CPU.Build.0 = Debug|Any CPU
		{D3B86843-6C4A-482C-A871-5F2501B1E04F}.Release|Any CPU.ActiveCfg = Release|Any CPU
		{D3B86843-6C4A-482C-A871-5F2501B1E04F}.Release|Any CPU.Build.0 = Release|Any CPU
		{B624F165-FE22-426E-8152-EA5794670691}.Debug|Any CPU.ActiveCfg = Debug|Any CPU
		{B624F165-FE22-426E-8152-EA5794670691}.Debug|Any CPU.Build.0 = Debug|Any CPU
		{B624F165-FE22-426E-8152-EA5794670691}.Release|Any CPU.ActiveCfg = Release|Any CPU
		{B624F165-FE22-426E-8152-EA5794670691}.Release|Any CPU.Build.0 = Release|Any CPU
	EndGlobalSection
	GlobalSection(SolutionProperties) = preSolution
		HideSolutionNode = FALSE
	EndGlobalSection
	GlobalSection(ExtensibilityGlobals) = postSolution
		SolutionGuid = {F7C1771C-B5DE-4EA8-866D-A48023242558}
	EndGlobalSection
EndGlobal
